
Microsoft Visual Studio Solution File, Format Version 12.00
# Visual Studio 15
VisualStudioVersion = 15.0.28307.645
MinimumVisualStudioVersion = 10.0.40219.1
Project("{FAE04EC0-301F-11D3-BF4B-00C04F79EFBC}") = "Week10", "Week10\Week10.csproj", "{91C53E4B-163F-41F4-8D34-5161E823D95F}"
EndProject
Project("{FAE04EC0-301F-11D3-BF4B-00C04F79EFBC}") = "ListGeneric", "ListGeneric\ListGeneric.csproj", "{22A999BF-B60B-40D5-B5F8-6425A46CDE0E}"
EndProject
Project("{FAE04EC0-301F-11D3-BF4B-00C04F79EFBC}") = "StringsProblem", "StringsProblem\StringsProblem.csproj", "{7A418CBF-46E5-4C10-B0D2-E921485E4F7A}"
EndProject
Project("{FAE04EC0-301F-11D3-BF4B-00C04F79EFBC}") = "Calculator", "Calculator\Calculator.csproj", "{AAC8FEE5-29DC-4DC9-9AD5-17E65793E63F}"
EndProject
Global
	GlobalSection(SolutionConfigurationPlatforms) = preSolution
		Debug|Any CPU = Debug|Any CPU
		Release|Any CPU = Release|Any CPU
	EndGlobalSection
	GlobalSection(ProjectConfigurationPlatforms) = postSolution
		{91C53E4B-163F-41F4-8D34-5161E823D95F}.Debug|Any CPU.ActiveCfg = Debug|Any CPU
		{91C53E4B-163F-41F4-8D34-5161E823D95F}.Debug|Any CPU.Build.0 = Debug|Any CPU
		{91C53E4B-163F-41F4-8D34-5161E823D95F}.Release|Any CPU.ActiveCfg = Release|Any CPU
		{91C53E4B-163F-41F4-8D34-5161E823D95F}.Release|Any CPU.Build.0 = Release|Any CPU
		{22A999BF-B60B-40D5-B5F8-6425A46CDE0E}.Debug|Any CPU.ActiveCfg = Debug|Any CPU
		{22A999BF-B60B-40D5-B5F8-6425A46CDE0E}.Debug|Any CPU.Build.0 = Debug|Any CPU
		{22A999BF-B60B-40D5-B5F8-6425A46CDE0E}.Release|Any CPU.ActiveCfg = Release|Any CPU
		{22A999BF-B60B-40D5-B5F8-6425A46CDE0E}.Release|Any CPU.Build.0 = Release|Any CPU
		{7A418CBF-46E5-4C10-B0D2-E921485E4F7A}.Debug|Any CPU.ActiveCfg = Debug|Any CPU
		{7A418CBF-46E5-4C10-B0D2-E921485E4F7A}.Debug|Any CPU.Build.0 = Debug|Any CPU
		{7A418CBF-46E5-4C10-B0D2-E921485E4F7A}.Release|Any CPU.ActiveCfg = Release|Any CPU
		{7A418CBF-46E5-4C10-B0D2-E921485E4F7A}.Release|Any CPU.Build.0 = Release|Any CPU
		{AAC8FEE5-29DC-4DC9-9AD5-17E65793E63F}.Debug|Any CPU.ActiveCfg = Debug|Any CPU
		{AAC8FEE5-29DC-4DC9-9AD5-17E65793E63F}.Debug|Any CPU.Build.0 = Debug|Any CPU
		{AAC8FEE5-29DC-4DC9-9AD5-17E65793E63F}.Release|Any CPU.ActiveCfg = Release|Any CPU
		{AAC8FEE5-29DC-4DC9-9AD5-17E65793E63F}.Release|Any CPU.Build.0 = Release|Any CPU
	EndGlobalSection
	GlobalSection(SolutionProperties) = preSolution
		HideSolutionNode = FALSE
	EndGlobalSection
	GlobalSection(ExtensibilityGlobals) = postSolution
		SolutionGuid = {C5F165E6-EE69-4208-887E-84B7C50C9089}
	EndGlobalSection
EndGlobal
